
Microsoft Visual Studio Solution File, Format Version 12.00
# Visual Studio Version 17
VisualStudioVersion = 17.3.32811.315
MinimumVisualStudioVersion = 10.0.40219.1
Project("{2150E333-8FDC-42A3-9474-1A3956D46DE8}") = "Services", "Services", "{A97489F2-A701-4458-B70E-C05652D2F4E1}"
EndProject
Project("{2150E333-8FDC-42A3-9474-1A3956D46DE8}") = "Solution Items", "Solution Items", "{0DB1C11E-BC75-4972-AA0D-8592A58CC654}"
	ProjectSection(SolutionItems) = preProject
		Ports.txt = Ports.txt
	EndProjectSection
EndProject
Project("{2150E333-8FDC-42A3-9474-1A3956D46DE8}") = "Catalog", "Catalog", "{F96D21C0-1317-4092-8067-A2B4F9B8FA4E}"
EndProject
Project("{9A19103F-16F7-4668-BE54-9A1E7A4F7556}") = "Services.Catalog", "Services\Catalog\Services.Catalog\Services.Catalog.csproj", "{C72C38E8-BD37-45D3-8768-E2DAEC68595A}"
EndProject
Project("{2150E333-8FDC-42A3-9474-1A3956D46DE8}") = "Shared", "Shared", "{4019844A-BA4F-4900-97B9-7EE474F80D0E}"
EndProject
Project("{9A19103F-16F7-4668-BE54-9A1E7A4F7556}") = "Shared", "Shared\Shared\Shared.csproj", "{1BFF6B48-E56A-43D2-BFBC-5F3B73F6B0CC}"
EndProject
Project("{2150E333-8FDC-42A3-9474-1A3956D46DE8}") = "IdentityServer", "IdentityServer", "{2FABC38C-9457-4ADA-A464-E0D23296F1AB}"
EndProject
Project("{9A19103F-16F7-4668-BE54-9A1E7A4F7556}") = "Microservices.Identityserver", "IdentityServer\Microservices.Identityserver\Microservices.Identityserver.csproj", "{E40AB628-54BC-44C5-89D7-74A1CA69DA65}"
EndProject
Project("{2150E333-8FDC-42A3-9474-1A3956D46DE8}") = "PhotoStock", "PhotoStock", "{6094A334-ED18-4123-8C26-E1CFB812BD2A}"
EndProject
Project("{9A19103F-16F7-4668-BE54-9A1E7A4F7556}") = "Services.PhotoStock", "Services\PhotoStock\Services.PhotoStock\Services.PhotoStock.csproj", "{D0C72CE0-2F7F-4A0C-9CD2-8DDC7A843A99}"
EndProject
Project("{2150E333-8FDC-42A3-9474-1A3956D46DE8}") = "Basket", "Basket", "{E1E53B7D-1162-4585-95DB-947667AB9F4B}"
EndProject
Project("{FAE04EC0-301F-11D3-BF4B-00C04F79EFBC}") = "Services.Basket", "Services\Basket\Services.Basket\Services.Basket.csproj", "{934BEDB9-8F75-4214-AC39-38A1BA90745F}"
EndProject
Global
	GlobalSection(SolutionConfigurationPlatforms) = preSolution
		Debug|Any CPU = Debug|Any CPU
		Release|Any CPU = Release|Any CPU
	EndGlobalSection
	GlobalSection(ProjectConfigurationPlatforms) = postSolution
		{C72C38E8-BD37-45D3-8768-E2DAEC68595A}.Debug|Any CPU.ActiveCfg = Debug|Any CPU
		{C72C38E8-BD37-45D3-8768-E2DAEC68595A}.Debug|Any CPU.Build.0 = Debug|Any CPU
		{C72C38E8-BD37-45D3-8768-E2DAEC68595A}.Release|Any CPU.ActiveCfg = Release|Any CPU
		{C72C38E8-BD37-45D3-8768-E2DAEC68595A}.Release|Any CPU.Build.0 = Release|Any CPU
		{1BFF6B48-E56A-43D2-BFBC-5F3B73F6B0CC}.Debug|Any CPU.ActiveCfg = Debug|Any CPU
		{1BFF6B48-E56A-43D2-BFBC-5F3B73F6B0CC}.Debug|Any CPU.Build.0 = Debug|Any CPU
		{1BFF6B48-E56A-43D2-BFBC-5F3B73F6B0CC}.Release|Any CPU.ActiveCfg = Release|Any CPU
		{1BFF6B48-E56A-43D2-BFBC-5F3B73F6B0CC}.Release|Any CPU.Build.0 = Release|Any CPU
		{E40AB628-54BC-44C5-89D7-74A1CA69DA65}.Debug|Any CPU.ActiveCfg = Debug|Any CPU
		{E40AB628-54BC-44C5-89D7-74A1CA69DA65}.Debug|Any CPU.Build.0 = Debug|Any CPU
		{E40AB628-54BC-44C5-89D7-74A1CA69DA65}.Release|Any CPU.ActiveCfg = Release|Any CPU
		{E40AB628-54BC-44C5-89D7-74A1CA69DA65}.Release|Any CPU.Build.0 = Release|Any CPU
		{D0C72CE0-2F7F-4A0C-9CD2-8DDC7A843A99}.Debug|Any CPU.ActiveCfg = Debug|Any CPU
		{D0C72CE0-2F7F-4A0C-9CD2-8DDC7A843A99}.Debug|Any CPU.Build.0 = Debug|Any CPU
		{D0C72CE0-2F7F-4A0C-9CD2-8DDC7A843A99}.Release|Any CPU.ActiveCfg = Release|Any CPU
		{D0C72CE0-2F7F-4A0C-9CD2-8DDC7A843A99}.Release|Any CPU.Build.0 = Release|Any CPU
		{934BEDB9-8F75-4214-AC39-38A1BA90745F}.Debug|Any CPU.ActiveCfg = Debug|Any CPU
		{934BEDB9-8F75-4214-AC39-38A1BA90745F}.Debug|Any CPU.Build.0 = Debug|Any CPU
		{934BEDB9-8F75-4214-AC39-38A1BA90745F}.Release|Any CPU.ActiveCfg = Release|Any CPU
		{934BEDB9-8F75-4214-AC39-38A1BA90745F}.Release|Any CPU.Build.0 = Release|Any CPU
	EndGlobalSection
	GlobalSection(SolutionProperties) = preSolution
		HideSolutionNode = FALSE
	EndGlobalSection
	GlobalSection(NestedProjects) = preSolution
		{F96D21C0-1317-4092-8067-A2B4F9B8FA4E} = {A97489F2-A701-4458-B70E-C05652D2F4E1}
		{C72C38E8-BD37-45D3-8768-E2DAEC68595A} = {F96D21C0-1317-4092-8067-A2B4F9B8FA4E}
		{1BFF6B48-E56A-43D2-BFBC-5F3B73F6B0CC} = {4019844A-BA4F-4900-97B9-7EE474F80D0E}
		{E40AB628-54BC-44C5-89D7-74A1CA69DA65} = {2FABC38C-9457-4ADA-A464-E0D23296F1AB}
		{6094A334-ED18-4123-8C26-E1CFB812BD2A} = {A97489F2-A701-4458-B70E-C05652D2F4E1}
		{D0C72CE0-2F7F-4A0C-9CD2-8DDC7A843A99} = {6094A334-ED18-4123-8C26-E1CFB812BD2A}
		{E1E53B7D-1162-4585-95DB-947667AB9F4B} = {A97489F2-A701-4458-B70E-C05652D2F4E1}
		{934BEDB9-8F75-4214-AC39-38A1BA90745F} = {E1E53B7D-1162-4585-95DB-947667AB9F4B}
	EndGlobalSection
	GlobalSection(ExtensibilityGlobals) = postSolution
		SolutionGuid = {9A35EC4A-89E1-4C44-85E5-D7B866CA4AB1}
	EndGlobalSection
EndGlobal
